
Microsoft Visual Studio Solution File, Format Version 12.00
# Visual Studio 15
VisualStudioVersion = 15.0.28010.2036
MinimumVisualStudioVersion = 10.0.40219.1
Project("{FAE04EC0-301F-11D3-BF4B-00C04F79EFBC}") = "MinWageApp", "MinWageApp\MinWageApp.csproj", "{DD70E8F8-8301-4D93-A53B-8BCD0C1AA75A}"
EndProject
Global
	GlobalSection(SolutionConfigurationPlatforms) = preSolution
		Debug|Any CPU = Debug|Any CPU
		Release|Any CPU = Release|Any CPU
	EndGlobalSection
	GlobalSection(ProjectConfigurationPlatforms) = postSolution
		{DD70E8F8-8301-4D93-A53B-8BCD0C1AA75A}.Debug|Any CPU.ActiveCfg = Debug|Any CPU
		{DD70E8F8-8301-4D93-A53B-8BCD0C1AA75A}.Debug|Any CPU.Build.0 = Debug|Any CPU
		{DD70E8F8-8301-4D93-A53B-8BCD0C1AA75A}.Release|Any CPU.ActiveCfg = Release|Any CPU
		{DD70E8F8-8301-4D93-A53B-8BCD0C1AA75A}.Release|Any CPU.Build.0 = Release|Any CPU
	EndGlobalSection
	GlobalSection(SolutionProperties) = preSolution
		HideSolutionNode = FALSE
	EndGlobalSection
	GlobalSection(ExtensibilityGlobals) = postSolution
		SolutionGuid = {DF998B82-60F7-454E-8094-93AE49940551}
	EndGlobalSection
EndGlobal
